// !$*UTF8*$!
{
	archiveVersion = 1;
	classes = {
	};
	objectVersion = 56;
	objects = {

/* Begin PBXBuildFile section */
		143509CC2A7BA13E0063A4DB /* codecademyApp.swift in Sources */ = {isa = PBXBuildFile; fileRef = 143509CB2A7BA13E0063A4DB /* codecademyApp.swift */; };
		143509CE2A7BA13E0063A4DB /* RecipesListView .swift in Sources */ = {isa = PBXBuildFile; fileRef = 143509CD2A7BA13E0063A4DB /* RecipesListView .swift */; };
		143509D02A7BA13F0063A4DB /* Assets.xcassets in Resources */ = {isa = PBXBuildFile; fileRef = 143509CF2A7BA13F0063A4DB /* Assets.xcassets */; };
		143509D42A7BA13F0063A4DB /* Preview Assets.xcassets in Resources */ = {isa = PBXBuildFile; fileRef = 143509D32A7BA13F0063A4DB /* Preview Assets.xcassets */; };
		143509DB2A7BA21F0063A4DB /*  Recipe.swift in Sources */ = {isa = PBXBuildFile; fileRef = 143509DA2A7BA21F0063A4DB /*  Recipe.swift */; };
		143509E02A7BC9720063A4DB /* RecipeData.swift in Sources */ = {isa = PBXBuildFile; fileRef = 143509DF2A7BC9720063A4DB /* RecipeData.swift */; };
		143509E22A7BCDC10063A4DB /* RecipeDetailView.swift in Sources */ = {isa = PBXBuildFile; fileRef = 143509E12A7BCDC10063A4DB /* RecipeDetailView.swift */; };
		143509E42A7BCFCA0063A4DB /*  AppColor.swift in Sources */ = {isa = PBXBuildFile; fileRef = 143509E32A7BCFCA0063A4DB /*  AppColor.swift */; };
/* End PBXBuildFile section */

/* Begin PBXFileReference section */
		143509C82A7BA13E0063A4DB /* codecademy.app */ = {isa = PBXFileReference; explicitFileType = wrapper.application; includeInIndex = 0; path = codecademy.app; sourceTree = BUILT_PRODUCTS_DIR; };
		143509CB2A7BA13E0063A4DB /* codecademyApp.swift */ = {isa = PBXFileReference; lastKnownFileType = sourcecode.swift; path = codecademyApp.swift; sourceTree = "<group>"; };
		143509CD2A7BA13E0063A4DB /* RecipesListView .swift */ = {isa = PBXFileReference; lastKnownFileType = sourcecode.swift; path = "RecipesListView .swift"; sourceTree = "<group>"; };
		143509CF2A7BA13F0063A4DB /* Assets.xcassets */ = {isa = PBXFileReference; lastKnownFileType = folder.assetcatalog; path = Assets.xcassets; sourceTree = "<group>"; };
		143509D12A7BA13F0063A4DB /* codecademy.entitlements */ = {isa = PBXFileReference; lastKnownFileType = text.plist.entitlements; path = codecademy.entitlements; sourceTree = "<group>"; };
		143509D32A7BA13F0063A4DB /* Preview Assets.xcassets */ = {isa = PBXFileReference; lastKnownFileType = folder.assetcatalog; path = "Preview Assets.xcassets"; sourceTree = "<group>"; };
		143509DA2A7BA21F0063A4DB /*  Recipe.swift */ = {isa = PBXFileReference; lastKnownFileType = sourcecode.swift; path = " Recipe.swift"; sourceTree = "<group>"; };
		143509DF2A7BC9720063A4DB /* RecipeData.swift */ = {isa = PBXFileReference; lastKnownFileType = sourcecode.swift; path = RecipeData.swift; sourceTree = "<group>"; };
		143509E12A7BCDC10063A4DB /* RecipeDetailView.swift */ = {isa = PBXFileReference; lastKnownFileType = sourcecode.swift; path = RecipeDetailView.swift; sourceTree = "<group>"; };
		143509E32A7BCFCA0063A4DB /*  AppColor.swift */ = {isa = PBXFileReference; lastKnownFileType = sourcecode.swift; path = " AppColor.swift"; sourceTree = "<group>"; };
/* End PBXFileReference section */

/* Begin PBXFrameworksBuildPhase section */
		143509C52A7BA13E0063A4DB /* Frameworks */ = {
			isa = PBXFrameworksBuildPhase;
			buildActionMask = 2147483647;
			files = (
			);
			runOnlyForDeploymentPostprocessing = 0;
		};
/* End PBXFrameworksBuildPhase section */

/* Begin PBXGroup section */
		143509BF2A7BA13E0063A4DB = {
			isa = PBXGroup;
			children = (
				143509CA2A7BA13E0063A4DB /* codecademy */,
				143509C92A7BA13E0063A4DB /* Products */,
			);
			sourceTree = "<group>";
		};
		143509C92A7BA13E0063A4DB /* Products */ = {
			isa = PBXGroup;
			children = (
				143509C82A7BA13E0063A4DB /* codecademy.app */,
			);
			name = Products;
			sourceTree = "<group>";
		};
		143509CA2A7BA13E0063A4DB /* codecademy */ = {
			isa = PBXGroup;
			children = (
				143509DD2A7BC7340063A4DB /* viewmodels */,
				143509DC2A7BC7130063A4DB /* views */,
				143509CB2A7BA13E0063A4DB /* codecademyApp.swift */,
				143509CF2A7BA13F0063A4DB /* Assets.xcassets */,
				143509D12A7BA13F0063A4DB /* codecademy.entitlements */,
				143509D22A7BA13F0063A4DB /* Preview Content */,
				143509DE2A7BC74F0063A4DB /* models */,
			);
			path = codecademy;
			sourceTree = "<group>";
		};
		143509D22A7BA13F0063A4DB /* Preview Content */ = {
			isa = PBXGroup;
			children = (
				143509D32A7BA13F0063A4DB /* Preview Assets.xcassets */,
			);
			path = "Preview Content";
			sourceTree = "<group>";
		};
		143509DC2A7BC7130063A4DB /* views */ = {
			isa = PBXGroup;
			children = (
				143509CD2A7BA13E0063A4DB /* RecipesListView .swift */,
				143509E12A7BCDC10063A4DB /* RecipeDetailView.swift */,
			);
			path = views;
			sourceTree = "<group>";
		};
		143509DD2A7BC7340063A4DB /* viewmodels */ = {
			isa = PBXGroup;
			children = (
				143509DF2A7BC9720063A4DB /* RecipeData.swift */,
				143509E32A7BCFCA0063A4DB /*  AppColor.swift */,
			);
			path = viewmodels;
			sourceTree = "<group>";
		};
		143509DE2A7BC74F0063A4DB /* models */ = {
			isa = PBXGroup;
			children = (
				143509DA2A7BA21F0063A4DB /*  Recipe.swift */,
			);
			path = models;
			sourceTree = "<group>";
		};
/* End PBXGroup section */

/* Begin PBXNativeTarget section */
		143509C72A7BA13E0063A4DB /* codecademy */ = {
			isa = PBXNativeTarget;
			buildConfigurationList = 143509D72A7BA13F0063A4DB /* Build configuration list for PBXNativeTarget "codecademy" */;
			buildPhases = (
				143509C42A7BA13E0063A4DB /* Sources */,
				143509C52A7BA13E0063A4DB /* Frameworks */,
				143509C62A7BA13E0063A4DB /* Resources */,
			);
			buildRules = (
			);
			dependencies = (
			);
			name = codecademy;
			productName = codecademy;
			productReference = 143509C82A7BA13E0063A4DB /* codecademy.app */;
			productType = "com.apple.product-type.application";
		};
/* End PBXNativeTarget section */

/* Begin PBXProject section */
		143509C02A7BA13E0063A4DB /* Project object */ = {
			isa = PBXProject;
			attributes = {
				BuildIndependentTargetsInParallel = 1;
				LastSwiftUpdateCheck = 1430;
				LastUpgradeCheck = 1430;
				TargetAttributes = {
					143509C72A7BA13E0063A4DB = {
						CreatedOnToolsVersion = 14.3.1;
					};
				};
			};
			buildConfigurationList = 143509C32A7BA13E0063A4DB /* Build configuration list for PBXProject "codecademy" */;
			compatibilityVersion = "Xcode 14.0";
			developmentRegion = en;
			hasScannedForEncodings = 0;
			knownRegions = (
				en,
				Base,
			);
			mainGroup = 143509BF2A7BA13E0063A4DB;
			productRefGroup = 143509C92A7BA13E0063A4DB /* Products */;
			projectDirPath = "";
			projectRoot = "";
			targets = (
				143509C72A7BA13E0063A4DB /* codecademy */,
			);
		};
/* End PBXProject section */

/* Begin PBXResourcesBuildPhase section */
		143509C62A7BA13E0063A4DB /* Resources */ = {
			isa = PBXResourcesBuildPhase;
			buildActionMask = 2147483647;
			files = (
				143509D42A7BA13F0063A4DB /* Preview Assets.xcassets in Resources */,
				143509D02A7BA13F0063A4DB /* Assets.xcassets in Resources */,
			);
			runOnlyForDeploymentPostprocessing = 0;
		};
/* End PBXResourcesBuildPhase section */

/* Begin PBXSourcesBuildPhase section */
		143509C42A7BA13E0063A4DB /* Sources */ = {
			isa = PBXSourcesBuildPhase;
			buildActionMask = 2147483647;
			files = (
				143509CE2A7BA13E0063A4DB /* RecipesListView .swift in Sources */,
				143509E22A7BCDC10063A4DB /* RecipeDetailView.swift in Sources */,
				143509E42A7BCFCA0063A4DB /*  AppColor.swift in Sources */,
				143509E02A7BC9720063A4DB /* RecipeData.swift in Sources */,
				143509DB2A7BA21F0063A4DB /*  Recipe.swift in Sources */,
				143509CC2A7BA13E0063A4DB /* codecademyApp.swift in Sources */,
			);
			runOnlyForDeploymentPostprocessing = 0;
		};
/* End PBXSourcesBuildPhase section */

/* Begin XCBuildConfiguration section */
		143509D52A7BA13F0063A4DB /* Debug */ = {
			isa = XCBuildConfiguration;
			buildSettings = {
				ALWAYS_SEARCH_USER_PATHS = NO;
				CLANG_ANALYZER_NONNULL = YES;
				CLANG_ANALYZER_NUMBER_OBJECT_CONVERSION = YES_AGGRESSIVE;
				CLANG_CXX_LANGUAGE_STANDARD = "gnu++20";
				CLANG_ENABLE_MODULES = YES;
				CLANG_ENABLE_OBJC_ARC = YES;
				CLANG_ENABLE_OBJC_WEAK = YES;
				CLANG_WARN_BLOCK_CAPTURE_AUTORELEASING = YES;
				CLANG_WARN_BOOL_CONVERSION = YES;
				CLANG_WARN_COMMA = YES;
				CLANG_WARN_CONSTANT_CONVERSION = YES;
				CLANG_WARN_DEPRECATED_OBJC_IMPLEMENTATIONS = YES;
				CLANG_WARN_DIRECT_OBJC_ISA_USAGE = YES_ERROR;
				CLANG_WARN_DOCUMENTATION_COMMENTS = YES;
				CLANG_WARN_EMPTY_BODY = YES;
				CLANG_WARN_ENUM_CONVERSION = YES;
				CLANG_WARN_INFINITE_RECURSION = YES;
				CLANG_WARN_INT_CONVERSION = YES;
				CLANG_WARN_NON_LITERAL_NULL_CONVERSION = YES;
				CLANG_WARN_OBJC_IMPLICIT_RETAIN_SELF = YES;
				CLANG_WARN_OBJC_LITERAL_CONVERSION = YES;
				CLANG_WARN_OBJC_ROOT_CLASS = YES_ERROR;
				CLANG_WARN_QUOTED_INCLUDE_IN_FRAMEWORK_HEADER = YES;
				CLANG_WARN_RANGE_LOOP_ANALYSIS = YES;
				CLANG_WARN_STRICT_PROTOTYPES = YES;
				CLANG_WARN_SUSPICIOUS_MOVE = YES;
				CLANG_WARN_UNGUARDED_AVAILABILITY = YES_AGGRESSIVE;
				CLANG_WARN_UNREACHABLE_CODE = YES;
				CLANG_WARN__DUPLICATE_METHOD_MATCH = YES;
				COPY_PHASE_STRIP = NO;
				DEBUG_INFORMATION_FORMAT = dwarf;
				ENABLE_STRICT_OBJC_MSGSEND = YES;
				ENABLE_TESTABILITY = YES;
				GCC_C_LANGUAGE_STANDARD = gnu11;
				GCC_DYNAMIC_NO_PIC = NO;
				GCC_NO_COMMON_BLOCKS = YES;
				GCC_OPTIMIZATION_LEVEL = 0;
				GCC_PREPROCESSOR_DEFINITIONS = (
					"DEBUG=1",
					"$(inherited)",
				);
				GCC_WARN_64_TO_32_BIT_CONVERSION = YES;
				GCC_WARN_ABOUT_RETURN_TYPE = YES_ERROR;
				GCC_WARN_UNDECLARED_SELECTOR = YES;
				GCC_WARN_UNINITIALIZED_AUTOS = YES_AGGRESSIVE;
				GCC_WARN_UNUSED_FUNCTION = YES;
				GCC_WARN_UNUSED_VARIABLE = YES;
				MTL_ENABLE_DEBUG_INFO = INCLUDE_SOURCE;
				MTL_FAST_MATH = YES;
				ONLY_ACTIVE_ARCH = YES;
				SWIFT_ACTIVE_COMPILATION_CONDITIONS = DEBUG;
				SWIFT_OPTIMIZATION_LEVEL = "-Onone";
			};
			name = Debug;
		};
		143509D62A7BA13F0063A4DB /* Release */ = {
			isa = XCBuildConfiguration;
			buildSettings = {
				ALWAYS_SEARCH_USER_PATHS = NO;
				CLANG_ANALYZER_NONNULL = YES;
				CLANG_ANALYZER_NUMBER_OBJECT_CONVERSION = YES_AGGRESSIVE;
				CLANG_CXX_LANGUAGE_STANDARD = "gnu++20";
				CLANG_ENABLE_MODULES = YES;
				CLANG_ENABLE_OBJC_ARC = YES;
				CLANG_ENABLE_OBJC_WEAK = YES;
				CLANG_WARN_BLOCK_CAPTURE_AUTORELEASING = YES;
				CLANG_WARN_BOOL_CONVERSION = YES;
				CLANG_WARN_COMMA = YES;
				CLANG_WARN_CONSTANT_CONVERSION = YES;
				CLANG_WARN_DEPRECATED_OBJC_IMPLEMENTATIONS = YES;
				CLANG_WARN_DIRECT_OBJC_ISA_USAGE = YES_ERROR;
				CLANG_WARN_DOCUMENTATION_COMMENTS = YES;
				CLANG_WARN_EMPTY_BODY = YES;
				CLANG_WARN_ENUM_CONVERSION = YES;
				CLANG_WARN_INFINITE_RECURSION = YES;
				CLANG_WARN_INT_CONVERSION = YES;
				CLANG_WARN_NON_LITERAL_NULL_CONVERSION = YES;
				CLANG_WARN_OBJC_IMPLICIT_RETAIN_SELF = YES;
				CLANG_WARN_OBJC_LITERAL_CONVERSION = YES;
				CLANG_WARN_OBJC_ROOT_CLASS = YES_ERROR;
				CLANG_WARN_QUOTED_INCLUDE_IN_FRAMEWORK_HEADER = YES;
				CLANG_WARN_RANGE_LOOP_ANALYSIS = YES;
				CLANG_WARN_STRICT_PROTOTYPES = YES;
				CLANG_WARN_SUSPICIOUS_MOVE = YES;
				CLANG_WARN_UNGUARDED_AVAILABILITY = YES_AGGRESSIVE;
				CLANG_WARN_UNREACHABLE_CODE = YES;
				CLANG_WARN__DUPLICATE_METHOD_MATCH = YES;
				COPY_PHASE_STRIP = NO;
				DEBUG_INFORMATION_FORMAT = "dwarf-with-dsym";
				ENABLE_NS_ASSERTIONS = NO;
				ENABLE_STRICT_OBJC_MSGSEND = YES;
				GCC_C_LANGUAGE_STANDARD = gnu11;
				GCC_NO_COMMON_BLOCKS = YES;
				GCC_WARN_64_TO_32_BIT_CONVERSION = YES;
				GCC_WARN_ABOUT_RETURN_TYPE = YES_ERROR;
				GCC_WARN_UNDECLARED_SELECTOR = YES;
				GCC_WARN_UNINITIALIZED_AUTOS = YES_AGGRESSIVE;
				GCC_WARN_UNUSED_FUNCTION = YES;
				GCC_WARN_UNUSED_VARIABLE = YES;
				MTL_ENABLE_DEBUG_INFO = NO;
				MTL_FAST_MATH = YES;
				SWIFT_COMPILATION_MODE = wholemodule;
				SWIFT_OPTIMIZATION_LEVEL = "-O";
			};
			name = Release;
		};
		143509D82A7BA13F0063A4DB /* Debug */ = {
			isa = XCBuildConfiguration;
			buildSettings = {
				ASSETCATALOG_COMPILER_APPICON_NAME = AppIcon;
				ASSETCATALOG_COMPILER_GLOBAL_ACCENT_COLOR_NAME = AccentColor;
				CODE_SIGN_ENTITLEMENTS = codecademy/codecademy.entitlements;
				CODE_SIGN_STYLE = Automatic;
				CURRENT_PROJECT_VERSION = 1;
				DEVELOPMENT_ASSET_PATHS = "\"codecademy/Preview Content\"";
				ENABLE_PREVIEWS = YES;
				GENERATE_INFOPLIST_FILE = YES;
				"INFOPLIST_KEY_UIApplicationSceneManifest_Generation[sdk=iphoneos*]" = YES;
				"INFOPLIST_KEY_UIApplicationSceneManifest_Generation[sdk=iphonesimulator*]" = YES;
				"INFOPLIST_KEY_UIApplicationSupportsIndirectInputEvents[sdk=iphoneos*]" = YES;
				"INFOPLIST_KEY_UIApplicationSupportsIndirectInputEvents[sdk=iphonesimulator*]" = YES;
				"INFOPLIST_KEY_UILaunchScreen_Generation[sdk=iphoneos*]" = YES;
				"INFOPLIST_KEY_UILaunchScreen_Generation[sdk=iphonesimulator*]" = YES;
				"INFOPLIST_KEY_UIStatusBarStyle[sdk=iphoneos*]" = UIStatusBarStyleDefault;
				"INFOPLIST_KEY_UIStatusBarStyle[sdk=iphonesimulator*]" = UIStatusBarStyleDefault;
				INFOPLIST_KEY_UISupportedInterfaceOrientations_iPad = "UIInterfaceOrientationPortrait UIInterfaceOrientationPortraitUpsideDown UIInterfaceOrientationLandscapeLeft UIInterfaceOrientationLandscapeRight";
				INFOPLIST_KEY_UISupportedInterfaceOrientations_iPhone = "UIInterfaceOrientationPortrait UIInterfaceOrientationLandscapeLeft UIInterfaceOrientationLandscapeRight";
				IPHONEOS_DEPLOYMENT_TARGET = 16.4;
				LD_RUNPATH_SEARCH_PATHS = "@executable_path/Frameworks";
				"LD_RUNPATH_SEARCH_PATHS[sdk=macosx*]" = "@executable_path/../Frameworks";
				MACOSX_DEPLOYMENT_TARGET = 13.3;
				MARKETING_VERSION = 1.0;
				PRODUCT_BUNDLE_IDENTIFIER = com.aminzekri.codecademy;
				PRODUCT_NAME = "$(TARGET_NAME)";
				SDKROOT = auto;
				SUPPORTED_PLATFORMS = "iphoneos iphonesimulator macosx";
				SWIFT_EMIT_LOC_STRINGS = YES;
				SWIFT_VERSION = 5.0;
				TARGETED_DEVICE_FAMILY = "1,2";
			};
			name = Debug;
		};
		143509D92A7BA13F0063A4DB /* Release */ = {
			isa = XCBuildConfiguration;
			buildSettings = {
				ASSETCATALOG_COMPILER_APPICON_NAME = AppIcon;
				ASSETCATALOG_COMPILER_GLOBAL_ACCENT_COLOR_NAME = AccentColor;
				CODE_SIGN_ENTITLEMENTS = codecademy/codecademy.entitlements;
				CODE_SIGN_STYLE = Automatic;
				CURRENT_PROJECT_VERSION = 1;
				DEVELOPMENT_ASSET_PATHS = "\"codecademy/Preview Content\"";
				ENABLE_PREVIEWS = YES;
				GENERATE_INFOPLIST_FILE = YES;
				"INFOPLIST_KEY_UIApplicationSceneManifest_Generation[sdk=iphoneos*]" = YES;
				"INFOPLIST_KEY_UIApplicationSceneManifest_Generation[sdk=iphonesimulator*]" = YES;
				"INFOPLIST_KEY_UIApplicationSupportsIndirectInputEvents[sdk=iphoneos*]" = YES;
				"INFOPLIST_KEY_UIApplicationSupportsIndirectInputEvents[sdk=iphonesimulator*]" = YES;
				"INFOPLIST_KEY_UILaunchScreen_Generation[sdk=iphoneos*]" = YES;
				"INFOPLIST_KEY_UILaunchScreen_Generation[sdk=iphonesimulator*]" = YES;
				"INFOPLIST_KEY_UIStatusBarStyle[sdk=iphoneos*]" = UIStatusBarStyleDefault;
				"INFOPLIST_KEY_UIStatusBarStyle[sdk=iphonesimulator*]" = UIStatusBarStyleDefault;
				INFOPLIST_KEY_UISupportedInterfaceOrientations_iPad = "UIInterfaceOrientationPortrait UIInterfaceOrientationPortraitUpsideDown UIInterfaceOrientationLandscapeLeft UIInterfaceOrientationLandscapeRight";
				INFOPLIST_KEY_UISupportedInterfaceOrientations_iPhone = "UIInterfaceOrientationPortrait UIInterfaceOrientationLandscapeLeft UIInterfaceOrientationLandscapeRight";
				IPHONEOS_DEPLOYMENT_TARGET = 16.4;
				LD_RUNPATH_SEARCH_PATHS = "@executable_path/Frameworks";
				"LD_RUNPATH_SEARCH_PATHS[sdk=macosx*]" = "@executable_path/../Frameworks";
				MACOSX_DEPLOYMENT_TARGET = 13.3;
				MARKETING_VERSION = 1.0;
				PRODUCT_BUNDLE_IDENTIFIER = com.aminzekri.codecademy;
				PRODUCT_NAME = "$(TARGET_NAME)";
				SDKROOT = auto;
				SUPPORTED_PLATFORMS = "iphoneos iphonesimulator macosx";
				SWIFT_EMIT_LOC_STRINGS = YES;
				SWIFT_VERSION = 5.0;
				TARGETED_DEVICE_FAMILY = "1,2";
			};
			name = Release;
		};
/* End XCBuildConfiguration section */

/* Begin XCConfigurationList section */
		143509C32A7BA13E0063A4DB /* Build configuration list for PBXProject "codecademy" */ = {
			isa = XCConfigurationList;
			buildConfigurations = (
				143509D52A7BA13F0063A4DB /* Debug */,
				143509D62A7BA13F0063A4DB /* Release */,
			);
			defaultConfigurationIsVisible = 0;
			defaultConfigurationName = Release;
		};
		143509D72A7BA13F0063A4DB /* Build configuration list for PBXNativeTarget "codecademy" */ = {
			isa = XCConfigurationList;
			buildConfigurations = (
				143509D82A7BA13F0063A4DB /* Debug */,
				143509D92A7BA13F0063A4DB /* Release */,
			);
			defaultConfigurationIsVisible = 0;
			defaultConfigurationName = Release;
		};
/* End XCConfigurationList section */
	};
	rootObject = 143509C02A7BA13E0063A4DB /* Project object */;
}
